
Microsoft Visual Studio Solution File, Format Version 12.00
# Visual Studio Version 17
VisualStudioVersion = 17.5.33627.172
MinimumVisualStudioVersion = 10.0.40219.1
Project("{9A19103F-16F7-4668-BE54-9A1E7A4F7556}") = "ClassTest.App", "ClassTest.App\ClassTest.App.csproj", "{F9113F60-DBD8-45C8-B1D4-7101A8C9E4EC}"
EndProject
Global
	GlobalSection(SolutionConfigurationPlatforms) = preSolution
		Debug|Any CPU = Debug|Any CPU
		Release|Any CPU = Release|Any CPU
	EndGlobalSection
	GlobalSection(ProjectConfigurationPlatforms) = postSolution
		{F9113F60-DBD8-45C8-B1D4-7101A8C9E4EC}.Debug|Any CPU.ActiveCfg = Debug|Any CPU
		{F9113F60-DBD8-45C8-B1D4-7101A8C9E4EC}.Debug|Any CPU.Build.0 = Debug|Any CPU
		{F9113F60-DBD8-45C8-B1D4-7101A8C9E4EC}.Release|Any CPU.ActiveCfg = Release|Any CPU
		{F9113F60-DBD8-45C8-B1D4-7101A8C9E4EC}.Release|Any CPU.Build.0 = Release|Any CPU
	EndGlobalSection
	GlobalSection(SolutionProperties) = preSolution
		HideSolutionNode = FALSE
	EndGlobalSection
	GlobalSection(ExtensibilityGlobals) = postSolution
		SolutionGuid = {D31AD54E-C907-4BEE-8138-4DA74BCC010B}
	EndGlobalSection
EndGlobal
